
Microsoft Visual Studio Solution File, Format Version 12.00
Project("{FAE04EC0-301F-11D3-BF4B-00C04F79EFBC}") = "DoubleLiList", "DoubleLiList\DoubleLiList.csproj", "{FDCF0EED-CB32-4A52-B2EF-C088755D5720}"
EndProject
Global
	GlobalSection(SolutionConfigurationPlatforms) = preSolution
		Debug|Any CPU = Debug|Any CPU
		Release|Any CPU = Release|Any CPU
	EndGlobalSection
	GlobalSection(ProjectConfigurationPlatforms) = postSolution
		{FDCF0EED-CB32-4A52-B2EF-C088755D5720}.Debug|Any CPU.ActiveCfg = Debug|Any CPU
		{FDCF0EED-CB32-4A52-B2EF-C088755D5720}.Debug|Any CPU.Build.0 = Debug|Any CPU
		{FDCF0EED-CB32-4A52-B2EF-C088755D5720}.Release|Any CPU.ActiveCfg = Release|Any CPU
		{FDCF0EED-CB32-4A52-B2EF-C088755D5720}.Release|Any CPU.Build.0 = Release|Any CPU
	EndGlobalSection
EndGlobal
