
Microsoft Visual Studio Solution File, Format Version 12.00
Project("{FAE04EC0-301F-11D3-BF4B-00C04F79EFBC}") = "Singleton", "Singleton\Singleton.csproj", "{72F7BE32-4B7D-4B4C-939A-254798048BA5}"
EndProject
Project("{FAE04EC0-301F-11D3-BF4B-00C04F79EFBC}") = "FactoryMethodPattern", "FactoryMethodPattern\FactoryMethodPattern.csproj", "{793B6AAE-21F9-4BD5-B972-50DEC0C8E3FE}"
EndProject
Project("{FAE04EC0-301F-11D3-BF4B-00C04F79EFBC}") = "ObserverPattern", "ObserverPattern\ObserverPattern.csproj", "{96A4454A-2AB9-4F36-9FCF-0FA14CA0FBF1}"
EndProject
Project("{FAE04EC0-301F-11D3-BF4B-00C04F79EFBC}") = "IteratorPattern", "IteratorPattern\IteratorPattern.csproj", "{7C6731CD-FF2A-4DAF-92C5-9CACB3B714C4}"
EndProject
Project("{FAE04EC0-301F-11D3-BF4B-00C04F79EFBC}") = "Baum", "Baum\Baum.csproj", "{078ED9A1-6BDC-486B-AF59-4D74B7EEB12B}"
EndProject
Project("{FAE04EC0-301F-11D3-BF4B-00C04F79EFBC}") = "AktienObserverPattern", "AktienObserverPattern\AktienObserverPattern.csproj", "{9CFA63D2-AB99-4046-ABA3-79A123372C8B}"
EndProject
Global
	GlobalSection(SolutionConfigurationPlatforms) = preSolution
		Debug|Any CPU = Debug|Any CPU
		Release|Any CPU = Release|Any CPU
	EndGlobalSection
	GlobalSection(ProjectConfigurationPlatforms) = postSolution
		{72F7BE32-4B7D-4B4C-939A-254798048BA5}.Debug|Any CPU.ActiveCfg = Debug|Any CPU
		{72F7BE32-4B7D-4B4C-939A-254798048BA5}.Debug|Any CPU.Build.0 = Debug|Any CPU
		{72F7BE32-4B7D-4B4C-939A-254798048BA5}.Release|Any CPU.ActiveCfg = Release|Any CPU
		{72F7BE32-4B7D-4B4C-939A-254798048BA5}.Release|Any CPU.Build.0 = Release|Any CPU
		{793B6AAE-21F9-4BD5-B972-50DEC0C8E3FE}.Debug|Any CPU.ActiveCfg = Debug|Any CPU
		{793B6AAE-21F9-4BD5-B972-50DEC0C8E3FE}.Debug|Any CPU.Build.0 = Debug|Any CPU
		{793B6AAE-21F9-4BD5-B972-50DEC0C8E3FE}.Release|Any CPU.ActiveCfg = Release|Any CPU
		{793B6AAE-21F9-4BD5-B972-50DEC0C8E3FE}.Release|Any CPU.Build.0 = Release|Any CPU
		{96A4454A-2AB9-4F36-9FCF-0FA14CA0FBF1}.Debug|Any CPU.ActiveCfg = Debug|Any CPU
		{96A4454A-2AB9-4F36-9FCF-0FA14CA0FBF1}.Debug|Any CPU.Build.0 = Debug|Any CPU
		{96A4454A-2AB9-4F36-9FCF-0FA14CA0FBF1}.Release|Any CPU.ActiveCfg = Release|Any CPU
		{96A4454A-2AB9-4F36-9FCF-0FA14CA0FBF1}.Release|Any CPU.Build.0 = Release|Any CPU
		{7C6731CD-FF2A-4DAF-92C5-9CACB3B714C4}.Debug|Any CPU.ActiveCfg = Debug|Any CPU
		{7C6731CD-FF2A-4DAF-92C5-9CACB3B714C4}.Debug|Any CPU.Build.0 = Debug|Any CPU
		{7C6731CD-FF2A-4DAF-92C5-9CACB3B714C4}.Release|Any CPU.ActiveCfg = Release|Any CPU
		{7C6731CD-FF2A-4DAF-92C5-9CACB3B714C4}.Release|Any CPU.Build.0 = Release|Any CPU
		{078ED9A1-6BDC-486B-AF59-4D74B7EEB12B}.Debug|Any CPU.ActiveCfg = Debug|Any CPU
		{078ED9A1-6BDC-486B-AF59-4D74B7EEB12B}.Debug|Any CPU.Build.0 = Debug|Any CPU
		{078ED9A1-6BDC-486B-AF59-4D74B7EEB12B}.Release|Any CPU.ActiveCfg = Release|Any CPU
		{078ED9A1-6BDC-486B-AF59-4D74B7EEB12B}.Release|Any CPU.Build.0 = Release|Any CPU
		{9CFA63D2-AB99-4046-ABA3-79A123372C8B}.Debug|Any CPU.ActiveCfg = Debug|Any CPU
		{9CFA63D2-AB99-4046-ABA3-79A123372C8B}.Debug|Any CPU.Build.0 = Debug|Any CPU
		{9CFA63D2-AB99-4046-ABA3-79A123372C8B}.Release|Any CPU.ActiveCfg = Release|Any CPU
		{9CFA63D2-AB99-4046-ABA3-79A123372C8B}.Release|Any CPU.Build.0 = Release|Any CPU
	EndGlobalSection
EndGlobal
